// !$*UTF8*$!
{
	archiveVersion = 1;
	classes = {
	};
	objectVersion = 56;
	objects = {

/* Begin PBXBuildFile section */
		216A7E132974CAA40090AED2 /* AppDelegate.swift in Sources */ = {isa = PBXBuildFile; fileRef = 216A7E122974CAA40090AED2 /* AppDelegate.swift */; };
		216A7E152974CAA40090AED2 /* SceneDelegate.swift in Sources */ = {isa = PBXBuildFile; fileRef = 216A7E142974CAA40090AED2 /* SceneDelegate.swift */; };
		216A7E1C2974CAAA0090AED2 /* Assets.xcassets in Resources */ = {isa = PBXBuildFile; fileRef = 216A7E1B2974CAAA0090AED2 /* Assets.xcassets */; };
		216A7E1F2974CAAA0090AED2 /* LaunchScreen.storyboard in Resources */ = {isa = PBXBuildFile; fileRef = 216A7E1D2974CAAA0090AED2 /* LaunchScreen.storyboard */; };
		216A7E2C2974D2990090AED2 /* RocketListView.swift in Sources */ = {isa = PBXBuildFile; fileRef = 216A7E2B2974D2980090AED2 /* RocketListView.swift */; };
		216A7E2E2974E2580090AED2 /* RocketDetailsView.swift in Sources */ = {isa = PBXBuildFile; fileRef = 216A7E2D2974E2580090AED2 /* RocketDetailsView.swift */; };
		216A7E322974EE840090AED2 /* Parsing.swift in Sources */ = {isa = PBXBuildFile; fileRef = 216A7E312974EE840090AED2 /* Parsing.swift */; };
		216A7E342974EED90090AED2 /* RocketError.swift in Sources */ = {isa = PBXBuildFile; fileRef = 216A7E332974EED90090AED2 /* RocketError.swift */; };
		216A7E362974EF4C0090AED2 /* RocketFetcher.swift in Sources */ = {isa = PBXBuildFile; fileRef = 216A7E352974EF4C0090AED2 /* RocketFetcher.swift */; };
		216A7E38297557940090AED2 /* Response.swift in Sources */ = {isa = PBXBuildFile; fileRef = 216A7E37297557930090AED2 /* Response.swift */; };
		216A7E3A2975AF730090AED2 /* RocketListViewModel.swift in Sources */ = {isa = PBXBuildFile; fileRef = 216A7E392975AF730090AED2 /* RocketListViewModel.swift */; };
		216A7E3C2975B2100090AED2 /* RocketItemView.swift in Sources */ = {isa = PBXBuildFile; fileRef = 216A7E3B2975B2100090AED2 /* RocketItemView.swift */; };
		216A7E3E2975B21D0090AED2 /* RocketItemViewModel.swift in Sources */ = {isa = PBXBuildFile; fileRef = 216A7E3D2975B21D0090AED2 /* RocketItemViewModel.swift */; };
		216A7E4129765B360090AED2 /* CustomImageView.swift in Sources */ = {isa = PBXBuildFile; fileRef = 216A7E4029765B350090AED2 /* CustomImageView.swift */; };
		216A7E4429765B5D0090AED2 /* ImageLoaderService.swift in Sources */ = {isa = PBXBuildFile; fileRef = 216A7E4329765B5D0090AED2 /* ImageLoaderService.swift */; };
		216A7E4629766A870090AED2 /* RocketDetailsViewModel.swift in Sources */ = {isa = PBXBuildFile; fileRef = 216A7E4529766A870090AED2 /* RocketDetailsViewModel.swift */; };
		216A7E482977744A0090AED2 /* SimpleActivityIndicator.swift in Sources */ = {isa = PBXBuildFile; fileRef = 216A7E47297774490090AED2 /* SimpleActivityIndicator.swift */; };
/* End PBXBuildFile section */

/* Begin PBXFileReference section */
		216A7E0F2974CAA40090AED2 /* Rocket Astro Technical.app */ = {isa = PBXFileReference; explicitFileType = wrapper.application; includeInIndex = 0; path = "Rocket Astro Technical.app"; sourceTree = BUILT_PRODUCTS_DIR; };
		216A7E122974CAA40090AED2 /* AppDelegate.swift */ = {isa = PBXFileReference; lastKnownFileType = sourcecode.swift; path = AppDelegate.swift; sourceTree = "<group>"; };
		216A7E142974CAA40090AED2 /* SceneDelegate.swift */ = {isa = PBXFileReference; lastKnownFileType = sourcecode.swift; path = SceneDelegate.swift; sourceTree = "<group>"; };
		216A7E1B2974CAAA0090AED2 /* Assets.xcassets */ = {isa = PBXFileReference; lastKnownFileType = folder.assetcatalog; path = Assets.xcassets; sourceTree = "<group>"; };
		216A7E1E2974CAAA0090AED2 /* Base */ = {isa = PBXFileReference; lastKnownFileType = file.storyboard; name = Base; path = Base.lproj/LaunchScreen.storyboard; sourceTree = "<group>"; };
		216A7E202974CAAA0090AED2 /* Info.plist */ = {isa = PBXFileReference; lastKnownFileType = text.plist.xml; path = Info.plist; sourceTree = "<group>"; };
		216A7E2B2974D2980090AED2 /* RocketListView.swift */ = {isa = PBXFileReference; lastKnownFileType = sourcecode.swift; path = RocketListView.swift; sourceTree = "<group>"; };
		216A7E2D2974E2580090AED2 /* RocketDetailsView.swift */ = {isa = PBXFileReference; lastKnownFileType = sourcecode.swift; path = RocketDetailsView.swift; sourceTree = "<group>"; };
		216A7E312974EE840090AED2 /* Parsing.swift */ = {isa = PBXFileReference; lastKnownFileType = sourcecode.swift; path = Parsing.swift; sourceTree = "<group>"; };
		216A7E332974EED90090AED2 /* RocketError.swift */ = {isa = PBXFileReference; lastKnownFileType = sourcecode.swift; path = RocketError.swift; sourceTree = "<group>"; };
		216A7E352974EF4C0090AED2 /* RocketFetcher.swift */ = {isa = PBXFileReference; lastKnownFileType = sourcecode.swift; path = RocketFetcher.swift; sourceTree = "<group>"; };
		216A7E37297557930090AED2 /* Response.swift */ = {isa = PBXFileReference; lastKnownFileType = sourcecode.swift; path = Response.swift; sourceTree = "<group>"; };
		216A7E392975AF730090AED2 /* RocketListViewModel.swift */ = {isa = PBXFileReference; lastKnownFileType = sourcecode.swift; path = RocketListViewModel.swift; sourceTree = "<group>"; };
		216A7E3B2975B2100090AED2 /* RocketItemView.swift */ = {isa = PBXFileReference; lastKnownFileType = sourcecode.swift; path = RocketItemView.swift; sourceTree = "<group>"; };
		216A7E3D2975B21D0090AED2 /* RocketItemViewModel.swift */ = {isa = PBXFileReference; lastKnownFileType = sourcecode.swift; path = RocketItemViewModel.swift; sourceTree = "<group>"; };
		216A7E4029765B350090AED2 /* CustomImageView.swift */ = {isa = PBXFileReference; lastKnownFileType = sourcecode.swift; path = CustomImageView.swift; sourceTree = "<group>"; };
		216A7E4329765B5D0090AED2 /* ImageLoaderService.swift */ = {isa = PBXFileReference; lastKnownFileType = sourcecode.swift; path = ImageLoaderService.swift; sourceTree = "<group>"; };
		216A7E4529766A870090AED2 /* RocketDetailsViewModel.swift */ = {isa = PBXFileReference; lastKnownFileType = sourcecode.swift; path = RocketDetailsViewModel.swift; sourceTree = "<group>"; };
		216A7E47297774490090AED2 /* SimpleActivityIndicator.swift */ = {isa = PBXFileReference; lastKnownFileType = sourcecode.swift; path = SimpleActivityIndicator.swift; sourceTree = "<group>"; };
/* End PBXFileReference section */

/* Begin PBXFrameworksBuildPhase section */
		216A7E0C2974CAA40090AED2 /* Frameworks */ = {
			isa = PBXFrameworksBuildPhase;
			buildActionMask = 2147483647;
			files = (
			);
			runOnlyForDeploymentPostprocessing = 0;
		};
/* End PBXFrameworksBuildPhase section */

/* Begin PBXGroup section */
		216A7E062974CAA40090AED2 = {
			isa = PBXGroup;
			children = (
				216A7E112974CAA40090AED2 /* Rocket Astro Technical */,
				216A7E102974CAA40090AED2 /* Products */,
			);
			sourceTree = "<group>";
		};
		216A7E102974CAA40090AED2 /* Products */ = {
			isa = PBXGroup;
			children = (
				216A7E0F2974CAA40090AED2 /* Rocket Astro Technical.app */,
			);
			name = Products;
			sourceTree = "<group>";
		};
		216A7E112974CAA40090AED2 /* Rocket Astro Technical */ = {
			isa = PBXGroup;
			children = (
				216A7E3F29765B1E0090AED2 /* CustomViews */,
				216A7E2F2974EE610090AED2 /* Utilities */,
				216A7E272974D0BC0090AED2 /* Rocket */,
				216A7E262974CFE40090AED2 /* SupportingFiles */,
			);
			path = "Rocket Astro Technical";
			sourceTree = "<group>";
		};
		216A7E262974CFE40090AED2 /* SupportingFiles */ = {
			isa = PBXGroup;
			children = (
				216A7E122974CAA40090AED2 /* AppDelegate.swift */,
				216A7E142974CAA40090AED2 /* SceneDelegate.swift */,
				216A7E1B2974CAAA0090AED2 /* Assets.xcassets */,
				216A7E1D2974CAAA0090AED2 /* LaunchScreen.storyboard */,
				216A7E202974CAAA0090AED2 /* Info.plist */,
			);
			path = SupportingFiles;
			sourceTree = "<group>";
		};
		216A7E272974D0BC0090AED2 /* Rocket */ = {
			isa = PBXGroup;
			children = (
				216A7E2A2974D0F60090AED2 /* SpaceXAPI */,
				216A7E292974D0E20090AED2 /* RocketDetails */,
				216A7E282974D0D60090AED2 /* RocketList */,
			);
			path = Rocket;
			sourceTree = "<group>";
		};
		216A7E282974D0D60090AED2 /* RocketList */ = {
			isa = PBXGroup;
			children = (
				216A7E2B2974D2980090AED2 /* RocketListView.swift */,
				216A7E392975AF730090AED2 /* RocketListViewModel.swift */,
				216A7E3B2975B2100090AED2 /* RocketItemView.swift */,
				216A7E3D2975B21D0090AED2 /* RocketItemViewModel.swift */,
			);
			path = RocketList;
			sourceTree = "<group>";
		};
		216A7E292974D0E20090AED2 /* RocketDetails */ = {
			isa = PBXGroup;
			children = (
				216A7E2D2974E2580090AED2 /* RocketDetailsView.swift */,
				216A7E4529766A870090AED2 /* RocketDetailsViewModel.swift */,
			);
			path = RocketDetails;
			sourceTree = "<group>";
		};
		216A7E2A2974D0F60090AED2 /* SpaceXAPI */ = {
			isa = PBXGroup;
			children = (
				216A7E332974EED90090AED2 /* RocketError.swift */,
				216A7E352974EF4C0090AED2 /* RocketFetcher.swift */,
				216A7E37297557930090AED2 /* Response.swift */,
			);
			path = SpaceXAPI;
			sourceTree = "<group>";
		};
		216A7E2F2974EE610090AED2 /* Utilities */ = {
			isa = PBXGroup;
			children = (
				216A7E4229765B470090AED2 /* Helpers */,
				216A7E302974EE680090AED2 /* Parsing */,
			);
			path = Utilities;
			sourceTree = "<group>";
		};
		216A7E302974EE680090AED2 /* Parsing */ = {
			isa = PBXGroup;
			children = (
				216A7E312974EE840090AED2 /* Parsing.swift */,
			);
			path = Parsing;
			sourceTree = "<group>";
		};
		216A7E3F29765B1E0090AED2 /* CustomViews */ = {
			isa = PBXGroup;
			children = (
				216A7E4029765B350090AED2 /* CustomImageView.swift */,
				216A7E47297774490090AED2 /* SimpleActivityIndicator.swift */,
			);
			path = CustomViews;
			sourceTree = "<group>";
		};
		216A7E4229765B470090AED2 /* Helpers */ = {
			isa = PBXGroup;
			children = (
				216A7E4329765B5D0090AED2 /* ImageLoaderService.swift */,
			);
			path = Helpers;
			sourceTree = "<group>";
		};
/* End PBXGroup section */

/* Begin PBXNativeTarget section */
		216A7E0E2974CAA40090AED2 /* Rocket Astro Technical */ = {
			isa = PBXNativeTarget;
			buildConfigurationList = 216A7E232974CAAA0090AED2 /* Build configuration list for PBXNativeTarget "Rocket Astro Technical" */;
			buildPhases = (
				216A7E0B2974CAA40090AED2 /* Sources */,
				216A7E0C2974CAA40090AED2 /* Frameworks */,
				216A7E0D2974CAA40090AED2 /* Resources */,
			);
			buildRules = (
			);
			dependencies = (
			);
			name = "Rocket Astro Technical";
			productName = "Rocket Astro Technical";
			productReference = 216A7E0F2974CAA40090AED2 /* Rocket Astro Technical.app */;
			productType = "com.apple.product-type.application";
		};
/* End PBXNativeTarget section */

/* Begin PBXProject section */
		216A7E072974CAA40090AED2 /* Project object */ = {
			isa = PBXProject;
			attributes = {
				BuildIndependentTargetsInParallel = 1;
				LastSwiftUpdateCheck = 1410;
				LastUpgradeCheck = 1410;
				TargetAttributes = {
					216A7E0E2974CAA40090AED2 = {
						CreatedOnToolsVersion = 14.1;
					};
				};
			};
			buildConfigurationList = 216A7E0A2974CAA40090AED2 /* Build configuration list for PBXProject "Rocket Astro Technical" */;
			compatibilityVersion = "Xcode 14.0";
			developmentRegion = en;
			hasScannedForEncodings = 0;
			knownRegions = (
				en,
				Base,
			);
			mainGroup = 216A7E062974CAA40090AED2;
			productRefGroup = 216A7E102974CAA40090AED2 /* Products */;
			projectDirPath = "";
			projectRoot = "";
			targets = (
				216A7E0E2974CAA40090AED2 /* Rocket Astro Technical */,
			);
		};
/* End PBXProject section */

/* Begin PBXResourcesBuildPhase section */
		216A7E0D2974CAA40090AED2 /* Resources */ = {
			isa = PBXResourcesBuildPhase;
			buildActionMask = 2147483647;
			files = (
				216A7E1F2974CAAA0090AED2 /* LaunchScreen.storyboard in Resources */,
				216A7E1C2974CAAA0090AED2 /* Assets.xcassets in Resources */,
			);
			runOnlyForDeploymentPostprocessing = 0;
		};
/* End PBXResourcesBuildPhase section */

/* Begin PBXSourcesBuildPhase section */
		216A7E0B2974CAA40090AED2 /* Sources */ = {
			isa = PBXSourcesBuildPhase;
			buildActionMask = 2147483647;
			files = (
				216A7E482977744A0090AED2 /* SimpleActivityIndicator.swift in Sources */,
				216A7E38297557940090AED2 /* Response.swift in Sources */,
				216A7E4129765B360090AED2 /* CustomImageView.swift in Sources */,
				216A7E3E2975B21D0090AED2 /* RocketItemViewModel.swift in Sources */,
				216A7E132974CAA40090AED2 /* AppDelegate.swift in Sources */,
				216A7E322974EE840090AED2 /* Parsing.swift in Sources */,
				216A7E362974EF4C0090AED2 /* RocketFetcher.swift in Sources */,
				216A7E342974EED90090AED2 /* RocketError.swift in Sources */,
				216A7E2C2974D2990090AED2 /* RocketListView.swift in Sources */,
				216A7E152974CAA40090AED2 /* SceneDelegate.swift in Sources */,
				216A7E4629766A870090AED2 /* RocketDetailsViewModel.swift in Sources */,
				216A7E3A2975AF730090AED2 /* RocketListViewModel.swift in Sources */,
				216A7E4429765B5D0090AED2 /* ImageLoaderService.swift in Sources */,
				216A7E2E2974E2580090AED2 /* RocketDetailsView.swift in Sources */,
				216A7E3C2975B2100090AED2 /* RocketItemView.swift in Sources */,
			);
			runOnlyForDeploymentPostprocessing = 0;
		};
/* End PBXSourcesBuildPhase section */

/* Begin PBXVariantGroup section */
		216A7E1D2974CAAA0090AED2 /* LaunchScreen.storyboard */ = {
			isa = PBXVariantGroup;
			children = (
				216A7E1E2974CAAA0090AED2 /* Base */,
			);
			name = LaunchScreen.storyboard;
			sourceTree = "<group>";
		};
/* End PBXVariantGroup section */

/* Begin XCBuildConfiguration section */
		216A7E212974CAAA0090AED2 /* Debug */ = {
			isa = XCBuildConfiguration;
			buildSettings = {
				ALWAYS_SEARCH_USER_PATHS = NO;
				CLANG_ANALYZER_NONNULL = YES;
				CLANG_ANALYZER_NUMBER_OBJECT_CONVERSION = YES_AGGRESSIVE;
				CLANG_CXX_LANGUAGE_STANDARD = "gnu++20";
				CLANG_ENABLE_MODULES = YES;
				CLANG_ENABLE_OBJC_ARC = YES;
				CLANG_ENABLE_OBJC_WEAK = YES;
				CLANG_WARN_BLOCK_CAPTURE_AUTORELEASING = YES;
				CLANG_WARN_BOOL_CONVERSION = YES;
				CLANG_WARN_COMMA = YES;
				CLANG_WARN_CONSTANT_CONVERSION = YES;
				CLANG_WARN_DEPRECATED_OBJC_IMPLEMENTATIONS = YES;
				CLANG_WARN_DIRECT_OBJC_ISA_USAGE = YES_ERROR;
				CLANG_WARN_DOCUMENTATION_COMMENTS = YES;
				CLANG_WARN_EMPTY_BODY = YES;
				CLANG_WARN_ENUM_CONVERSION = YES;
				CLANG_WARN_INFINITE_RECURSION = YES;
				CLANG_WARN_INT_CONVERSION = YES;
				CLANG_WARN_NON_LITERAL_NULL_CONVERSION = YES;
				CLANG_WARN_OBJC_IMPLICIT_RETAIN_SELF = YES;
				CLANG_WARN_OBJC_LITERAL_CONVERSION = YES;
				CLANG_WARN_OBJC_ROOT_CLASS = YES_ERROR;
				CLANG_WARN_QUOTED_INCLUDE_IN_FRAMEWORK_HEADER = YES;
				CLANG_WARN_RANGE_LOOP_ANALYSIS = YES;
				CLANG_WARN_STRICT_PROTOTYPES = YES;
				CLANG_WARN_SUSPICIOUS_MOVE = YES;
				CLANG_WARN_UNGUARDED_AVAILABILITY = YES_AGGRESSIVE;
				CLANG_WARN_UNREACHABLE_CODE = YES;
				CLANG_WARN__DUPLICATE_METHOD_MATCH = YES;
				COPY_PHASE_STRIP = NO;
				DEBUG_INFORMATION_FORMAT = dwarf;
				ENABLE_STRICT_OBJC_MSGSEND = YES;
				ENABLE_TESTABILITY = YES;
				GCC_C_LANGUAGE_STANDARD = gnu11;
				GCC_DYNAMIC_NO_PIC = NO;
				GCC_NO_COMMON_BLOCKS = YES;
				GCC_OPTIMIZATION_LEVEL = 0;
				GCC_PREPROCESSOR_DEFINITIONS = (
					"DEBUG=1",
					"$(inherited)",
				);
				GCC_WARN_64_TO_32_BIT_CONVERSION = YES;
				GCC_WARN_ABOUT_RETURN_TYPE = YES_ERROR;
				GCC_WARN_UNDECLARED_SELECTOR = YES;
				GCC_WARN_UNINITIALIZED_AUTOS = YES_AGGRESSIVE;
				GCC_WARN_UNUSED_FUNCTION = YES;
				GCC_WARN_UNUSED_VARIABLE = YES;
				IPHONEOS_DEPLOYMENT_TARGET = 16.1;
				MTL_ENABLE_DEBUG_INFO = INCLUDE_SOURCE;
				MTL_FAST_MATH = YES;
				ONLY_ACTIVE_ARCH = YES;
				SDKROOT = iphoneos;
				SWIFT_ACTIVE_COMPILATION_CONDITIONS = DEBUG;
				SWIFT_OPTIMIZATION_LEVEL = "-Onone";
			};
			name = Debug;
		};
		216A7E222974CAAA0090AED2 /* Release */ = {
			isa = XCBuildConfiguration;
			buildSettings = {
				ALWAYS_SEARCH_USER_PATHS = NO;
				CLANG_ANALYZER_NONNULL = YES;
				CLANG_ANALYZER_NUMBER_OBJECT_CONVERSION = YES_AGGRESSIVE;
				CLANG_CXX_LANGUAGE_STANDARD = "gnu++20";
				CLANG_ENABLE_MODULES = YES;
				CLANG_ENABLE_OBJC_ARC = YES;
				CLANG_ENABLE_OBJC_WEAK = YES;
				CLANG_WARN_BLOCK_CAPTURE_AUTORELEASING = YES;
				CLANG_WARN_BOOL_CONVERSION = YES;
				CLANG_WARN_COMMA = YES;
				CLANG_WARN_CONSTANT_CONVERSION = YES;
				CLANG_WARN_DEPRECATED_OBJC_IMPLEMENTATIONS = YES;
				CLANG_WARN_DIRECT_OBJC_ISA_USAGE = YES_ERROR;
				CLANG_WARN_DOCUMENTATION_COMMENTS = YES;
				CLANG_WARN_EMPTY_BODY = YES;
				CLANG_WARN_ENUM_CONVERSION = YES;
				CLANG_WARN_INFINITE_RECURSION = YES;
				CLANG_WARN_INT_CONVERSION = YES;
				CLANG_WARN_NON_LITERAL_NULL_CONVERSION = YES;
				CLANG_WARN_OBJC_IMPLICIT_RETAIN_SELF = YES;
				CLANG_WARN_OBJC_LITERAL_CONVERSION = YES;
				CLANG_WARN_OBJC_ROOT_CLASS = YES_ERROR;
				CLANG_WARN_QUOTED_INCLUDE_IN_FRAMEWORK_HEADER = YES;
				CLANG_WARN_RANGE_LOOP_ANALYSIS = YES;
				CLANG_WARN_STRICT_PROTOTYPES = YES;
				CLANG_WARN_SUSPICIOUS_MOVE = YES;
				CLANG_WARN_UNGUARDED_AVAILABILITY = YES_AGGRESSIVE;
				CLANG_WARN_UNREACHABLE_CODE = YES;
				CLANG_WARN__DUPLICATE_METHOD_MATCH = YES;
				COPY_PHASE_STRIP = NO;
				DEBUG_INFORMATION_FORMAT = "dwarf-with-dsym";
				ENABLE_NS_ASSERTIONS = NO;
				ENABLE_STRICT_OBJC_MSGSEND = YES;
				GCC_C_LANGUAGE_STANDARD = gnu11;
				GCC_NO_COMMON_BLOCKS = YES;
				GCC_WARN_64_TO_32_BIT_CONVERSION = YES;
				GCC_WARN_ABOUT_RETURN_TYPE = YES_ERROR;
				GCC_WARN_UNDECLARED_SELECTOR = YES;
				GCC_WARN_UNINITIALIZED_AUTOS = YES_AGGRESSIVE;
				GCC_WARN_UNUSED_FUNCTION = YES;
				GCC_WARN_UNUSED_VARIABLE = YES;
				IPHONEOS_DEPLOYMENT_TARGET = 16.1;
				MTL_ENABLE_DEBUG_INFO = NO;
				MTL_FAST_MATH = YES;
				SDKROOT = iphoneos;
				SWIFT_COMPILATION_MODE = wholemodule;
				SWIFT_OPTIMIZATION_LEVEL = "-O";
				VALIDATE_PRODUCT = YES;
			};
			name = Release;
		};
		216A7E242974CAAA0090AED2 /* Debug */ = {
			isa = XCBuildConfiguration;
			buildSettings = {
				ASSETCATALOG_COMPILER_APPICON_NAME = AppIcon;
				ASSETCATALOG_COMPILER_GLOBAL_ACCENT_COLOR_NAME = AccentColor;
				CODE_SIGN_STYLE = Automatic;
				CURRENT_PROJECT_VERSION = 1;
				DEVELOPMENT_TEAM = TPU4US8598;
				GENERATE_INFOPLIST_FILE = YES;
				INFOPLIST_FILE = "Rocket Astro Technical/SupportingFiles/Info.plist";
				INFOPLIST_KEY_UIApplicationSupportsIndirectInputEvents = YES;
				INFOPLIST_KEY_UILaunchStoryboardName = LaunchScreen;
				INFOPLIST_KEY_UISupportedInterfaceOrientations_iPad = "UIInterfaceOrientationPortrait UIInterfaceOrientationPortraitUpsideDown UIInterfaceOrientationLandscapeLeft UIInterfaceOrientationLandscapeRight";
				INFOPLIST_KEY_UISupportedInterfaceOrientations_iPhone = "UIInterfaceOrientationPortrait UIInterfaceOrientationLandscapeLeft UIInterfaceOrientationLandscapeRight";
				IPHONEOS_DEPLOYMENT_TARGET = 13.0;
				LD_RUNPATH_SEARCH_PATHS = (
					"$(inherited)",
					"@executable_path/Frameworks",
				);
				MARKETING_VERSION = 1.0;
				PRODUCT_BUNDLE_IDENTIFIER = "com.astro.ios.rocketapp.yogipriyo.Rocket-Astro-Technical";
				PRODUCT_NAME = "$(TARGET_NAME)";
				SWIFT_EMIT_LOC_STRINGS = YES;
				SWIFT_VERSION = 5.0;
				TARGETED_DEVICE_FAMILY = "1,2";
			};
			name = Debug;
		};
		216A7E252974CAAA0090AED2 /* Release */ = {
			isa = XCBuildConfiguration;
			buildSettings = {
				ASSETCATALOG_COMPILER_APPICON_NAME = AppIcon;
				ASSETCATALOG_COMPILER_GLOBAL_ACCENT_COLOR_NAME = AccentColor;
				CODE_SIGN_STYLE = Automatic;
				CURRENT_PROJECT_VERSION = 1;
				DEVELOPMENT_TEAM = TPU4US8598;
				GENERATE_INFOPLIST_FILE = YES;
				INFOPLIST_FILE = "Rocket Astro Technical/SupportingFiles/Info.plist";
				INFOPLIST_KEY_UIApplicationSupportsIndirectInputEvents = YES;
				INFOPLIST_KEY_UILaunchStoryboardName = LaunchScreen;
				INFOPLIST_KEY_UISupportedInterfaceOrientations_iPad = "UIInterfaceOrientationPortrait UIInterfaceOrientationPortraitUpsideDown UIInterfaceOrientationLandscapeLeft UIInterfaceOrientationLandscapeRight";
				INFOPLIST_KEY_UISupportedInterfaceOrientations_iPhone = "UIInterfaceOrientationPortrait UIInterfaceOrientationLandscapeLeft UIInterfaceOrientationLandscapeRight";
				IPHONEOS_DEPLOYMENT_TARGET = 13.0;
				LD_RUNPATH_SEARCH_PATHS = (
					"$(inherited)",
					"@executable_path/Frameworks",
				);
				MARKETING_VERSION = 1.0;
				PRODUCT_BUNDLE_IDENTIFIER = "com.astro.ios.rocketapp.yogipriyo.Rocket-Astro-Technical";
				PRODUCT_NAME = "$(TARGET_NAME)";
				SWIFT_EMIT_LOC_STRINGS = YES;
				SWIFT_VERSION = 5.0;
				TARGETED_DEVICE_FAMILY = "1,2";
			};
			name = Release;
		};
/* End XCBuildConfiguration section */

/* Begin XCConfigurationList section */
		216A7E0A2974CAA40090AED2 /* Build configuration list for PBXProject "Rocket Astro Technical" */ = {
			isa = XCConfigurationList;
			buildConfigurations = (
				216A7E212974CAAA0090AED2 /* Debug */,
				216A7E222974CAAA0090AED2 /* Release */,
			);
			defaultConfigurationIsVisible = 0;
			defaultConfigurationName = Release;
		};
		216A7E232974CAAA0090AED2 /* Build configuration list for PBXNativeTarget "Rocket Astro Technical" */ = {
			isa = XCConfigurationList;
			buildConfigurations = (
				216A7E242974CAAA0090AED2 /* Debug */,
				216A7E252974CAAA0090AED2 /* Release */,
			);
			defaultConfigurationIsVisible = 0;
			defaultConfigurationName = Release;
		};
/* End XCConfigurationList section */
	};
	rootObject = 216A7E072974CAA40090AED2 /* Project object */;
}
